// !$*UTF8*$!
{
	archiveVersion = 1;
	classes = {
	};
	objectVersion = 77;
	objects = {

/* Begin PBXBuildFile section */
		CB170E442FB8ECE7006E7CFC /* Models.swift in Sources */ = {isa = PBXBuildFile; fileRef = CB170E432FB8ECE7006E7CFC /* Models.swift */; };
		CB170E462FB8EEB3006E7CFC /* TeamViews.swift in Sources */ = {isa = PBXBuildFile; fileRef = CB170E452FB8EEB3006E7CFC /* TeamViews.swift */; };
		CB170E482FB8EF84006E7CFC /* CreateMatchView.swift in Sources */ = {isa = PBXBuildFile; fileRef = CB170E472FB8EF84006E7CFC /* CreateMatchView.swift */; };
		CB170E4A2FB8F18B006E7CFC /* PlayerSelectionSheet.swift in Sources */ = {isa = PBXBuildFile; fileRef = CB170E492FB8F18B006E7CFC /* PlayerSelectionSheet.swift */; };
		CB170E4C2FB8F1C6006E7CFC /* RecordingView.swift in Sources */ = {isa = PBXBuildFile; fileRef = CB170E4B2FB8F1C6006E7CFC /* RecordingView.swift */; };
		CB170E4E2FB8F514006E7CFC /* MatchSummaryView.swift in Sources */ = {isa = PBXBuildFile; fileRef = CB170E4D2FB8F514006E7CFC /* MatchSummaryView.swift */; };
		CB170E502FBB0E18006E7CFC /* V3RecordingView.swift in Sources */ = {isa = PBXBuildFile; fileRef = CB170E4F2FBB0E18006E7CFC /* V3RecordingView.swift */; };
		CB3318522FBE0DD600368ACC /* ImageStorage.swift in Sources */ = {isa = PBXBuildFile; fileRef = CB3318512FBE0DD600368ACC /* ImageStorage.swift */; };
		CB44D0022FD4700000E7D001 /* VideoStorage.swift in Sources */ = {isa = PBXBuildFile; fileRef = CB44D0012FD4700000E7D001 /* VideoStorage.swift */; };
		CB9FBA0D2FC2455B00ADC6A3 /* LineupRegistrationView.swift in Sources */ = {isa = PBXBuildFile; fileRef = CB9FBA0C2FC2455B00ADC6A3 /* LineupRegistrationView.swift */; };
		CB9FBA152FC8C13500ADC6A3 /* TimelineEditorView.swift in Sources */ = {isa = PBXBuildFile; fileRef = CB9FBA142FC8C13500ADC6A3 /* TimelineEditorView.swift */; };
/* End PBXBuildFile section */

/* Begin PBXFileReference section */
		CB170E432FB8ECE7006E7CFC /* Models.swift */ = {isa = PBXFileReference; lastKnownFileType = sourcecode.swift; path = Models.swift; sourceTree = "<group>"; };
		CB170E452FB8EEB3006E7CFC /* TeamViews.swift */ = {isa = PBXFileReference; lastKnownFileType = sourcecode.swift; path = TeamViews.swift; sourceTree = "<group>"; };
		CB170E472FB8EF84006E7CFC /* CreateMatchView.swift */ = {isa = PBXFileReference; lastKnownFileType = sourcecode.swift; path = CreateMatchView.swift; sourceTree = "<group>"; };
		CB170E492FB8F18B006E7CFC /* PlayerSelectionSheet.swift */ = {isa = PBXFileReference; lastKnownFileType = sourcecode.swift; path = PlayerSelectionSheet.swift; sourceTree = "<group>"; };
		CB170E4B2FB8F1C6006E7CFC /* RecordingView.swift */ = {isa = PBXFileReference; lastKnownFileType = sourcecode.swift; path = RecordingView.swift; sourceTree = "<group>"; };
		CB170E4D2FB8F514006E7CFC /* MatchSummaryView.swift */ = {isa = PBXFileReference; lastKnownFileType = sourcecode.swift; path = MatchSummaryView.swift; sourceTree = "<group>"; };
		CB170E4F2FBB0E18006E7CFC /* V3RecordingView.swift */ = {isa = PBXFileReference; lastKnownFileType = sourcecode.swift; path = V3RecordingView.swift; sourceTree = "<group>"; };
		CB3318512FBE0DD600368ACC /* ImageStorage.swift */ = {isa = PBXFileReference; lastKnownFileType = sourcecode.swift; path = ImageStorage.swift; sourceTree = "<group>"; };
		CB44D0012FD4700000E7D001 /* VideoStorage.swift */ = {isa = PBXFileReference; lastKnownFileType = sourcecode.swift; path = VideoStorage.swift; sourceTree = "<group>"; };
		CB9FBA0C2FC2455B00ADC6A3 /* LineupRegistrationView.swift */ = {isa = PBXFileReference; lastKnownFileType = sourcecode.swift; path = LineupRegistrationView.swift; sourceTree = "<group>"; };
		CB9FBA142FC8C13500ADC6A3 /* TimelineEditorView.swift */ = {isa = PBXFileReference; lastKnownFileType = sourcecode.swift; path = TimelineEditorView.swift; sourceTree = "<group>"; };
		CBF67CA62FB8E34C006E5EC5 /* Rugby AS.app */ = {isa = PBXFileReference; explicitFileType = wrapper.application; includeInIndex = 0; path = "Rugby AS.app"; sourceTree = BUILT_PRODUCTS_DIR; };
/* End PBXFileReference section */

/* Begin PBXFileSystemSynchronizedRootGroup section */
		CBF67CA82FB8E34C006E5EC5 /* Rugby AS */ = {
			isa = PBXFileSystemSynchronizedRootGroup;
			path = "Rugby AS";
			sourceTree = "<group>";
		};
/* End PBXFileSystemSynchronizedRootGroup section */

/* Begin PBXFrameworksBuildPhase section */
		CBF67CA32FB8E34C006E5EC5 /* Frameworks */ = {
			isa = PBXFrameworksBuildPhase;
			buildActionMask = 2147483647;
			files = (
			);
			runOnlyForDeploymentPostprocessing = 0;
		};
/* End PBXFrameworksBuildPhase section */

/* Begin PBXGroup section */
		CBF67C9D2FB8E34C006E5EC5 = {
			isa = PBXGroup;
			children = (
				CBF67CA82FB8E34C006E5EC5 /* Rugby AS */,
				CBF67CA72FB8E34C006E5EC5 /* Products */,
				CB170E432FB8ECE7006E7CFC /* Models.swift */,
				CB3318512FBE0DD600368ACC /* ImageStorage.swift */,
				CB44D0012FD4700000E7D001 /* VideoStorage.swift */,
				CB170E452FB8EEB3006E7CFC /* TeamViews.swift */,
				CB170E472FB8EF84006E7CFC /* CreateMatchView.swift */,
				CB170E492FB8F18B006E7CFC /* PlayerSelectionSheet.swift */,
				CB170E4B2FB8F1C6006E7CFC /* RecordingView.swift */,
				CB170E4D2FB8F514006E7CFC /* MatchSummaryView.swift */,
				CB170E4F2FBB0E18006E7CFC /* V3RecordingView.swift */,
				CB9FBA0C2FC2455B00ADC6A3 /* LineupRegistrationView.swift */,
				CB9FBA142FC8C13500ADC6A3 /* TimelineEditorView.swift */,
			);
			sourceTree = "<group>";
		};
		CBF67CA72FB8E34C006E5EC5 /* Products */ = {
			isa = PBXGroup;
			children = (
				CBF67CA62FB8E34C006E5EC5 /* Rugby AS.app */,
			);
			name = Products;
			sourceTree = "<group>";
		};
/* End PBXGroup section */

/* Begin PBXNativeTarget section */
		CBF67CA52FB8E34C006E5EC5 /* Rugby AS */ = {
			isa = PBXNativeTarget;
			buildConfigurationList = CBF67CB12FB8E34D006E5EC5 /* Build configuration list for PBXNativeTarget "Rugby AS" */;
			buildPhases = (
				CBF67CA22FB8E34C006E5EC5 /* Sources */,
				CBF67CA32FB8E34C006E5EC5 /* Frameworks */,
				CBF67CA42FB8E34C006E5EC5 /* Resources */,
			);
			buildRules = (
			);
			dependencies = (
			);
			fileSystemSynchronizedGroups = (
				CBF67CA82FB8E34C006E5EC5 /* Rugby AS */,
			);
			name = "Rugby AS";
			packageProductDependencies = (
			);
			productName = "Rugby AS";
			productReference = CBF67CA62FB8E34C006E5EC5 /* Rugby AS.app */;
			productType = "com.apple.product-type.application";
		};
/* End PBXNativeTarget section */

/* Begin PBXProject section */
		CBF67C9E2FB8E34C006E5EC5 /* Project object */ = {
			isa = PBXProject;
			attributes = {
				BuildIndependentTargetsInParallel = 1;
				LastSwiftUpdateCheck = 2620;
				LastUpgradeCheck = 2620;
				TargetAttributes = {
					CBF67CA52FB8E34C006E5EC5 = {
						CreatedOnToolsVersion = 26.2;
					};
				};
			};
			buildConfigurationList = CBF67CA12FB8E34C006E5EC5 /* Build configuration list for PBXProject "Rugby AS" */;
			developmentRegion = en;
			hasScannedForEncodings = 0;
			knownRegions = (
				en,
				Base,
			);
			mainGroup = CBF67C9D2FB8E34C006E5EC5;
			minimizedProjectReferenceProxies = 1;
			preferredProjectObjectVersion = 77;
			productRefGroup = CBF67CA72FB8E34C006E5EC5 /* Products */;
			projectDirPath = "";
			projectRoot = "";
			targets = (
				CBF67CA52FB8E34C006E5EC5 /* Rugby AS */,
			);
		};
/* End PBXProject section */

/* Begin PBXResourcesBuildPhase section */
		CBF67CA42FB8E34C006E5EC5 /* Resources */ = {
			isa = PBXResourcesBuildPhase;
			buildActionMask = 2147483647;
			files = (
			);
			runOnlyForDeploymentPostprocessing = 0;
		};
/* End PBXResourcesBuildPhase section */

/* Begin PBXSourcesBuildPhase section */
		CBF67CA22FB8E34C006E5EC5 /* Sources */ = {
			isa = PBXSourcesBuildPhase;
			buildActionMask = 2147483647;
			files = (
				CB9FBA152FC8C13500ADC6A3 /* TimelineEditorView.swift in Sources */,
				CB170E482FB8EF84006E7CFC /* CreateMatchView.swift in Sources */,
				CB170E502FBB0E18006E7CFC /* V3RecordingView.swift in Sources */,
				CB170E442FB8ECE7006E7CFC /* Models.swift in Sources */,
				CB170E4C2FB8F1C6006E7CFC /* RecordingView.swift in Sources */,
				CB170E4A2FB8F18B006E7CFC /* PlayerSelectionSheet.swift in Sources */,
				CB3318522FBE0DD600368ACC /* ImageStorage.swift in Sources */,
				CB44D0022FD4700000E7D001 /* VideoStorage.swift in Sources */,
				CB170E462FB8EEB3006E7CFC /* TeamViews.swift in Sources */,
				CB170E4E2FB8F514006E7CFC /* MatchSummaryView.swift in Sources */,
				CB9FBA0D2FC2455B00ADC6A3 /* LineupRegistrationView.swift in Sources */,
			);
			runOnlyForDeploymentPostprocessing = 0;
		};
/* End PBXSourcesBuildPhase section */

/* Begin XCBuildConfiguration section */
		CBF67CAF2FB8E34D006E5EC5 /* Debug */ = {
			isa = XCBuildConfiguration;
			buildSettings = {
				ALWAYS_SEARCH_USER_PATHS = NO;
				ASSETCATALOG_COMPILER_GENERATE_SWIFT_ASSET_SYMBOL_EXTENSIONS = YES;
				CLANG_ANALYZER_NONNULL = YES;
				CLANG_ANALYZER_NUMBER_OBJECT_CONVERSION = YES_AGGRESSIVE;
				CLANG_CXX_LANGUAGE_STANDARD = "gnu++20";
				CLANG_ENABLE_MODULES = YES;
				CLANG_ENABLE_OBJC_ARC = YES;
				CLANG_ENABLE_OBJC_WEAK = YES;
				CLANG_WARN_BLOCK_CAPTURE_AUTORELEASING = YES;
				CLANG_WARN_BOOL_CONVERSION = YES;
				CLANG_WARN_COMMA = YES;
				CLANG_WARN_CONSTANT_CONVERSION = YES;
				CLANG_WARN_DEPRECATED_OBJC_IMPLEMENTATIONS = YES;
				CLANG_WARN_DIRECT_OBJC_ISA_USAGE = YES_ERROR;
				CLANG_WARN_DOCUMENTATION_COMMENTS = YES;
				CLANG_WARN_EMPTY_BODY = YES;
				CLANG_WARN_ENUM_CONVERSION = YES;
				CLANG_WARN_INFINITE_RECURSION = YES;
				CLANG_WARN_INT_CONVERSION = YES;
				CLANG_WARN_NON_LITERAL_NULL_CONVERSION = YES;
				CLANG_WARN_OBJC_IMPLICIT_RETAIN_SELF = YES;
				CLANG_WARN_OBJC_LITERAL_CONVERSION = YES;
				CLANG_WARN_OBJC_ROOT_CLASS = YES_ERROR;
				CLANG_WARN_QUOTED_INCLUDE_IN_FRAMEWORK_HEADER = YES;
				CLANG_WARN_RANGE_LOOP_ANALYSIS = YES;
				CLANG_WARN_STRICT_PROTOTYPES = YES;
				CLANG_WARN_SUSPICIOUS_MOVE = YES;
				CLANG_WARN_UNGUARDED_AVAILABILITY = YES_AGGRESSIVE;
				CLANG_WARN_UNREACHABLE_CODE = YES;
				CLANG_WARN__DUPLICATE_METHOD_MATCH = YES;
				COPY_PHASE_STRIP = NO;
				DEBUG_INFORMATION_FORMAT = dwarf;
				DEVELOPMENT_TEAM = KRDKH9C32J;
				ENABLE_STRICT_OBJC_MSGSEND = YES;
				ENABLE_TESTABILITY = YES;
				ENABLE_USER_SCRIPT_SANDBOXING = YES;
				GCC_C_LANGUAGE_STANDARD = gnu17;
				GCC_DYNAMIC_NO_PIC = NO;
				GCC_NO_COMMON_BLOCKS = YES;
				GCC_OPTIMIZATION_LEVEL = 0;
				GCC_PREPROCESSOR_DEFINITIONS = (
					"DEBUG=1",
					"$(inherited)",
				);
				GCC_WARN_64_TO_32_BIT_CONVERSION = YES;
				GCC_WARN_ABOUT_RETURN_TYPE = YES_ERROR;
				GCC_WARN_UNDECLARED_SELECTOR = YES;
				GCC_WARN_UNINITIALIZED_AUTOS = YES_AGGRESSIVE;
				GCC_WARN_UNUSED_FUNCTION = YES;
				GCC_WARN_UNUSED_VARIABLE = YES;
				LOCALIZATION_PREFERS_STRING_CATALOGS = YES;
				MTL_ENABLE_DEBUG_INFO = INCLUDE_SOURCE;
				MTL_FAST_MATH = YES;
				ONLY_ACTIVE_ARCH = YES;
				SWIFT_ACTIVE_COMPILATION_CONDITIONS = "DEBUG $(inherited)";
				SWIFT_OPTIMIZATION_LEVEL = "-Onone";
			};
			name = Debug;
		};
		CBF67CB02FB8E34D006E5EC5 /* Release */ = {
			isa = XCBuildConfiguration;
			buildSettings = {
				ALWAYS_SEARCH_USER_PATHS = NO;
				ASSETCATALOG_COMPILER_GENERATE_SWIFT_ASSET_SYMBOL_EXTENSIONS = YES;
				CLANG_ANALYZER_NONNULL = YES;
				CLANG_ANALYZER_NUMBER_OBJECT_CONVERSION = YES_AGGRESSIVE;
				CLANG_CXX_LANGUAGE_STANDARD = "gnu++20";
				CLANG_ENABLE_MODULES = YES;
				CLANG_ENABLE_OBJC_ARC = YES;
				CLANG_ENABLE_OBJC_WEAK = YES;
				CLANG_WARN_BLOCK_CAPTURE_AUTORELEASING = YES;
				CLANG_WARN_BOOL_CONVERSION = YES;
				CLANG_WARN_COMMA = YES;
				CLANG_WARN_CONSTANT_CONVERSION = YES;
				CLANG_WARN_DEPRECATED_OBJC_IMPLEMENTATIONS = YES;
				CLANG_WARN_DIRECT_OBJC_ISA_USAGE = YES_ERROR;
				CLANG_WARN_DOCUMENTATION_COMMENTS = YES;
				CLANG_WARN_EMPTY_BODY = YES;
				CLANG_WARN_ENUM_CONVERSION = YES;
				CLANG_WARN_INFINITE_RECURSION = YES;
				CLANG_WARN_INT_CONVERSION = YES;
				CLANG_WARN_NON_LITERAL_NULL_CONVERSION = YES;
				CLANG_WARN_OBJC_IMPLICIT_RETAIN_SELF = YES;
				CLANG_WARN_OBJC_LITERAL_CONVERSION = YES;
				CLANG_WARN_OBJC_ROOT_CLASS = YES_ERROR;
				CLANG_WARN_QUOTED_INCLUDE_IN_FRAMEWORK_HEADER = YES;
				CLANG_WARN_RANGE_LOOP_ANALYSIS = YES;
				CLANG_WARN_STRICT_PROTOTYPES = YES;
				CLANG_WARN_SUSPICIOUS_MOVE = YES;
				CLANG_WARN_UNGUARDED_AVAILABILITY = YES_AGGRESSIVE;
				CLANG_WARN_UNREACHABLE_CODE = YES;
				CLANG_WARN__DUPLICATE_METHOD_MATCH = YES;
				COPY_PHASE_STRIP = NO;
				DEBUG_INFORMATION_FORMAT = "dwarf-with-dsym";
				DEVELOPMENT_TEAM = KRDKH9C32J;
				ENABLE_NS_ASSERTIONS = NO;
				ENABLE_STRICT_OBJC_MSGSEND = YES;
				ENABLE_USER_SCRIPT_SANDBOXING = YES;
				GCC_C_LANGUAGE_STANDARD = gnu17;
				GCC_NO_COMMON_BLOCKS = YES;
				GCC_WARN_64_TO_32_BIT_CONVERSION = YES;
				GCC_WARN_ABOUT_RETURN_TYPE = YES_ERROR;
				GCC_WARN_UNDECLARED_SELECTOR = YES;
				GCC_WARN_UNINITIALIZED_AUTOS = YES_AGGRESSIVE;
				GCC_WARN_UNUSED_FUNCTION = YES;
				GCC_WARN_UNUSED_VARIABLE = YES;
				LOCALIZATION_PREFERS_STRING_CATALOGS = YES;
				MTL_ENABLE_DEBUG_INFO = NO;
				MTL_FAST_MATH = YES;
				SWIFT_COMPILATION_MODE = wholemodule;
			};
			name = Release;
		};
		CBF67CB22FB8E34D006E5EC5 /* Debug */ = {
			isa = XCBuildConfiguration;
			buildSettings = {
				ASSETCATALOG_COMPILER_APPICON_NAME = AppIcon;
				ASSETCATALOG_COMPILER_GLOBAL_ACCENT_COLOR_NAME = AccentColor;
				CODE_SIGN_STYLE = Automatic;
				CURRENT_PROJECT_VERSION = 1;
				DEVELOPMENT_TEAM = KRDKH9C32J;
				ENABLE_APP_SANDBOX = YES;
				ENABLE_HARDENED_RUNTIME = YES;
				ENABLE_PREVIEWS = YES;
				ENABLE_USER_SELECTED_FILES = readonly;
				GENERATE_INFOPLIST_FILE = YES;
				"INFOPLIST_KEY_UIApplicationSceneManifest_Generation[sdk=iphoneos*]" = YES;
				"INFOPLIST_KEY_UIApplicationSceneManifest_Generation[sdk=iphonesimulator*]" = YES;
				"INFOPLIST_KEY_UIApplicationSupportsIndirectInputEvents[sdk=iphoneos*]" = YES;
				"INFOPLIST_KEY_UIApplicationSupportsIndirectInputEvents[sdk=iphonesimulator*]" = YES;
				"INFOPLIST_KEY_UILaunchScreen_Generation[sdk=iphoneos*]" = YES;
				"INFOPLIST_KEY_UILaunchScreen_Generation[sdk=iphonesimulator*]" = YES;
				"INFOPLIST_KEY_UIStatusBarStyle[sdk=iphoneos*]" = UIStatusBarStyleDefault;
				"INFOPLIST_KEY_UIStatusBarStyle[sdk=iphonesimulator*]" = UIStatusBarStyleDefault;
				INFOPLIST_KEY_UISupportedInterfaceOrientations_iPad = "UIInterfaceOrientationPortrait UIInterfaceOrientationPortraitUpsideDown UIInterfaceOrientationLandscapeLeft UIInterfaceOrientationLandscapeRight";
				INFOPLIST_KEY_UISupportedInterfaceOrientations_iPhone = "UIInterfaceOrientationPortrait UIInterfaceOrientationLandscapeLeft UIInterfaceOrientationLandscapeRight";
				IPHONEOS_DEPLOYMENT_TARGET = 17.0;
				LD_RUNPATH_SEARCH_PATHS = "@executable_path/Frameworks";
				"LD_RUNPATH_SEARCH_PATHS[sdk=macosx*]" = "@executable_path/../Frameworks";
				MACOSX_DEPLOYMENT_TARGET = 26.2;
				MARKETING_VERSION = 1.0;
				PRODUCT_BUNDLE_IDENTIFIER = "com.63.Rugby-AS";
				PRODUCT_NAME = "$(TARGET_NAME)";
				REGISTER_APP_GROUPS = YES;
				SDKROOT = auto;
				STRING_CATALOG_GENERATE_SYMBOLS = YES;
				SUPPORTED_PLATFORMS = "iphoneos iphonesimulator macosx xros xrsimulator";
				SWIFT_APPROACHABLE_CONCURRENCY = YES;
				SWIFT_DEFAULT_ACTOR_ISOLATION = MainActor;
				SWIFT_EMIT_LOC_STRINGS = YES;
				SWIFT_UPCOMING_FEATURE_MEMBER_IMPORT_VISIBILITY = YES;
				SWIFT_VERSION = 5.0;
				TARGETED_DEVICE_FAMILY = 1;
				XROS_DEPLOYMENT_TARGET = 26.2;
			};
			name = Debug;
		};
		CBF67CB32FB8E34D006E5EC5 /* Release */ = {
			isa = XCBuildConfiguration;
			buildSettings = {
				ASSETCATALOG_COMPILER_APPICON_NAME = AppIcon;
				ASSETCATALOG_COMPILER_GLOBAL_ACCENT_COLOR_NAME = AccentColor;
				CODE_SIGN_STYLE = Automatic;
				CURRENT_PROJECT_VERSION = 1;
				DEVELOPMENT_TEAM = KRDKH9C32J;
				ENABLE_APP_SANDBOX = YES;
				ENABLE_HARDENED_RUNTIME = YES;
				ENABLE_PREVIEWS = YES;
				ENABLE_USER_SELECTED_FILES = readonly;
				GENERATE_INFOPLIST_FILE = YES;
				"INFOPLIST_KEY_UIApplicationSceneManifest_Generation[sdk=iphoneos*]" = YES;
				"INFOPLIST_KEY_UIApplicationSceneManifest_Generation[sdk=iphonesimulator*]" = YES;
				"INFOPLIST_KEY_UIApplicationSupportsIndirectInputEvents[sdk=iphoneos*]" = YES;
				"INFOPLIST_KEY_UIApplicationSupportsIndirectInputEvents[sdk=iphonesimulator*]" = YES;
				"INFOPLIST_KEY_UILaunchScreen_Generation[sdk=iphoneos*]" = YES;
				"INFOPLIST_KEY_UILaunchScreen_Generation[sdk=iphonesimulator*]" = YES;
				"INFOPLIST_KEY_UIStatusBarStyle[sdk=iphoneos*]" = UIStatusBarStyleDefault;
				"INFOPLIST_KEY_UIStatusBarStyle[sdk=iphonesimulator*]" = UIStatusBarStyleDefault;
				INFOPLIST_KEY_UISupportedInterfaceOrientations_iPad = "UIInterfaceOrientationPortrait UIInterfaceOrientationPortraitUpsideDown UIInterfaceOrientationLandscapeLeft UIInterfaceOrientationLandscapeRight";
				INFOPLIST_KEY_UISupportedInterfaceOrientations_iPhone = "UIInterfaceOrientationPortrait UIInterfaceOrientationLandscapeLeft UIInterfaceOrientationLandscapeRight";
				IPHONEOS_DEPLOYMENT_TARGET = 17.0;
				LD_RUNPATH_SEARCH_PATHS = "@executable_path/Frameworks";
				"LD_RUNPATH_SEARCH_PATHS[sdk=macosx*]" = "@executable_path/../Frameworks";
				MACOSX_DEPLOYMENT_TARGET = 26.2;
				MARKETING_VERSION = 1.0;
				PRODUCT_BUNDLE_IDENTIFIER = "com.63.Rugby-AS";
				PRODUCT_NAME = "$(TARGET_NAME)";
				REGISTER_APP_GROUPS = YES;
				SDKROOT = auto;
				STRING_CATALOG_GENERATE_SYMBOLS = YES;
				SUPPORTED_PLATFORMS = "iphoneos iphonesimulator macosx xros xrsimulator";
				SWIFT_APPROACHABLE_CONCURRENCY = YES;
				SWIFT_DEFAULT_ACTOR_ISOLATION = MainActor;
				SWIFT_EMIT_LOC_STRINGS = YES;
				SWIFT_UPCOMING_FEATURE_MEMBER_IMPORT_VISIBILITY = YES;
				SWIFT_VERSION = 5.0;
				TARGETED_DEVICE_FAMILY = 1;
				XROS_DEPLOYMENT_TARGET = 26.2;
			};
			name = Release;
		};
/* End XCBuildConfiguration section */

/* Begin XCConfigurationList section */
		CBF67CA12FB8E34C006E5EC5 /* Build configuration list for PBXProject "Rugby AS" */ = {
			isa = XCConfigurationList;
			buildConfigurations = (
				CBF67CAF2FB8E34D006E5EC5 /* Debug */,
				CBF67CB02FB8E34D006E5EC5 /* Release */,
			);
			defaultConfigurationIsVisible = 0;
			defaultConfigurationName = Release;
		};
		CBF67CB12FB8E34D006E5EC5 /* Build configuration list for PBXNativeTarget "Rugby AS" */ = {
			isa = XCConfigurationList;
			buildConfigurations = (
				CBF67CB22FB8E34D006E5EC5 /* Debug */,
				CBF67CB32FB8E34D006E5EC5 /* Release */,
			);
			defaultConfigurationIsVisible = 0;
			defaultConfigurationName = Release;
		};
/* End XCConfigurationList section */
	};
	rootObject = CBF67C9E2FB8E34C006E5EC5 /* Project object */;
}
